
Microsoft Visual Studio Solution File, Format Version 12.00
# Visual Studio Version 16
VisualStudioVersion = 16.0.29613.14
MinimumVisualStudioVersion = 10.0.40219.1
Project("{2150E333-8FDC-42A3-9474-1A3956D46DE8}") = "Domain", "Domain", "{50AD1F77-6D1D-4570-B072-EBF18F4223E8}"
EndProject
Project("{2150E333-8FDC-42A3-9474-1A3956D46DE8}") = "Infra.Bus", "Infra.Bus", "{17E61527-7E1F-428D-A6F7-F3F1FCEBD02D}"
EndProject
Project("{2150E333-8FDC-42A3-9474-1A3956D46DE8}") = "Infra.IoC", "Infra.IoC", "{8D832BEE-D7B6-4806-BEC3-AF629C8F0DBA}"
EndProject
Project("{2150E333-8FDC-42A3-9474-1A3956D46DE8}") = "Microservices", "Microservices", "{A4B03BB7-9B0C-4ED2-816D-2BF9EA564F51}"
EndProject
Project("{2150E333-8FDC-42A3-9474-1A3956D46DE8}") = "Presentation", "Presentation", "{876F234E-CC66-497B-A6E8-9398168E439A}"
EndProject
Project("{9A19103F-16F7-4668-BE54-9A1E7A4F7556}") = "MicroRabbit.Domain.Core", "MicroRabbit.Domain.Core\MicroRabbit.Domain.Core.csproj", "{9B502B70-8889-4466-9FC9-9FE163576ABE}"
EndProject
Project("{9A19103F-16F7-4668-BE54-9A1E7A4F7556}") = "MicroRabbit.Infra.IoC", "MicroRabbit.Infra.IoC\MicroRabbit.Infra.IoC.csproj", "{6ED55BB8-7D2E-47EE-A0E6-AAA4F6E6F295}"
EndProject
Project("{2150E333-8FDC-42A3-9474-1A3956D46DE8}") = "Banking", "Banking", "{1414BE70-DC91-4845-B2B7-0436ED27343D}"
EndProject
Project("{2150E333-8FDC-42A3-9474-1A3956D46DE8}") = "Api", "Api", "{77635B80-AD58-4ACC-8544-9AEF5B6B4FD7}"
EndProject
Project("{2150E333-8FDC-42A3-9474-1A3956D46DE8}") = "Domain", "Domain", "{885B7D79-FFA7-4AD8-9030-1F475EA3168D}"
EndProject
Project("{2150E333-8FDC-42A3-9474-1A3956D46DE8}") = "Application", "Application", "{9DE82B69-E940-4105-9B4C-742D3741CE53}"
EndProject
Project("{2150E333-8FDC-42A3-9474-1A3956D46DE8}") = "Data", "Data", "{68F029AD-2304-4923-B2AA-49D78A722A24}"
EndProject
Project("{9A19103F-16F7-4668-BE54-9A1E7A4F7556}") = "MicroRabbit.Banking.Api", "MicroRabbit.Banking.Api\MicroRabbit.Banking.Api.csproj", "{9AA1EC0D-109C-4CF2-ACFD-A87D4DB7E197}"
EndProject
Project("{9A19103F-16F7-4668-BE54-9A1E7A4F7556}") = "MicroRabbit.Banking.Application", "MicroRabbit.Banking.Application\MicroRabbit.Banking.Application.csproj", "{C389EEEE-9907-48E2-BE69-5290B6F9F309}"
EndProject
Project("{9A19103F-16F7-4668-BE54-9A1E7A4F7556}") = "MicroRabbit.Banking.Data", "MicroRabbit.Banking.Data\MicroRabbit.Banking.Data.csproj", "{C0017851-B862-4F53-8DA4-B5E085D775F2}"
EndProject
Project("{9A19103F-16F7-4668-BE54-9A1E7A4F7556}") = "MicroRabbit.Banking.Domain", "MicroRabbit.Banking.Domain\MicroRabbit.Banking.Domain.csproj", "{3FA204A9-9BAB-43A6-9D91-4FBAD20B3F04}"
EndProject
Project("{FAE04EC0-301F-11D3-BF4B-00C04F79EFBC}") = "MicroRabbit.Infra.Bus", "MicroRabbit.Infra.Bus\MicroRabbit.Infra.Bus.csproj", "{1BD448D7-DD33-45A6-BD48-0A59F8BD40EB}"
EndProject
Global
	GlobalSection(SolutionConfigurationPlatforms) = preSolution
		Debug|Any CPU = Debug|Any CPU
		Release|Any CPU = Release|Any CPU
	EndGlobalSection
	GlobalSection(ProjectConfigurationPlatforms) = postSolution
		{9B502B70-8889-4466-9FC9-9FE163576ABE}.Debug|Any CPU.ActiveCfg = Debug|Any CPU
		{9B502B70-8889-4466-9FC9-9FE163576ABE}.Debug|Any CPU.Build.0 = Debug|Any CPU
		{9B502B70-8889-4466-9FC9-9FE163576ABE}.Release|Any CPU.ActiveCfg = Release|Any CPU
		{9B502B70-8889-4466-9FC9-9FE163576ABE}.Release|Any CPU.Build.0 = Release|Any CPU
		{6ED55BB8-7D2E-47EE-A0E6-AAA4F6E6F295}.Debug|Any CPU.ActiveCfg = Debug|Any CPU
		{6ED55BB8-7D2E-47EE-A0E6-AAA4F6E6F295}.Debug|Any CPU.Build.0 = Debug|Any CPU
		{6ED55BB8-7D2E-47EE-A0E6-AAA4F6E6F295}.Release|Any CPU.ActiveCfg = Release|Any CPU
		{6ED55BB8-7D2E-47EE-A0E6-AAA4F6E6F295}.Release|Any CPU.Build.0 = Release|Any CPU
		{9AA1EC0D-109C-4CF2-ACFD-A87D4DB7E197}.Debug|Any CPU.ActiveCfg = Debug|Any CPU
		{9AA1EC0D-109C-4CF2-ACFD-A87D4DB7E197}.Debug|Any CPU.Build.0 = Debug|Any CPU
		{9AA1EC0D-109C-4CF2-ACFD-A87D4DB7E197}.Release|Any CPU.ActiveCfg = Release|Any CPU
		{9AA1EC0D-109C-4CF2-ACFD-A87D4DB7E197}.Release|Any CPU.Build.0 = Release|Any CPU
		{C389EEEE-9907-48E2-BE69-5290B6F9F309}.Debug|Any CPU.ActiveCfg = Debug|Any CPU
		{C389EEEE-9907-48E2-BE69-5290B6F9F309}.Debug|Any CPU.Build.0 = Debug|Any CPU
		{C389EEEE-9907-48E2-BE69-5290B6F9F309}.Release|Any CPU.ActiveCfg = Release|Any CPU
		{C389EEEE-9907-48E2-BE69-5290B6F9F309}.Release|Any CPU.Build.0 = Release|Any CPU
		{C0017851-B862-4F53-8DA4-B5E085D775F2}.Debug|Any CPU.ActiveCfg = Debug|Any CPU
		{C0017851-B862-4F53-8DA4-B5E085D775F2}.Debug|Any CPU.Build.0 = Debug|Any CPU
		{C0017851-B862-4F53-8DA4-B5E085D775F2}.Release|Any CPU.ActiveCfg = Release|Any CPU
		{C0017851-B862-4F53-8DA4-B5E085D775F2}.Release|Any CPU.Build.0 = Release|Any CPU
		{3FA204A9-9BAB-43A6-9D91-4FBAD20B3F04}.Debug|Any CPU.ActiveCfg = Debug|Any CPU
		{3FA204A9-9BAB-43A6-9D91-4FBAD20B3F04}.Debug|Any CPU.Build.0 = Debug|Any CPU
		{3FA204A9-9BAB-43A6-9D91-4FBAD20B3F04}.Release|Any CPU.ActiveCfg = Release|Any CPU
		{3FA204A9-9BAB-43A6-9D91-4FBAD20B3F04}.Release|Any CPU.Build.0 = Release|Any CPU
		{1BD448D7-DD33-45A6-BD48-0A59F8BD40EB}.Debug|Any CPU.ActiveCfg = Debug|Any CPU
		{1BD448D7-DD33-45A6-BD48-0A59F8BD40EB}.Debug|Any CPU.Build.0 = Debug|Any CPU
		{1BD448D7-DD33-45A6-BD48-0A59F8BD40EB}.Release|Any CPU.ActiveCfg = Release|Any CPU
		{1BD448D7-DD33-45A6-BD48-0A59F8BD40EB}.Release|Any CPU.Build.0 = Release|Any CPU
	EndGlobalSection
	GlobalSection(SolutionProperties) = preSolution
		HideSolutionNode = FALSE
	EndGlobalSection
	GlobalSection(NestedProjects) = preSolution
		{9B502B70-8889-4466-9FC9-9FE163576ABE} = {50AD1F77-6D1D-4570-B072-EBF18F4223E8}
		{6ED55BB8-7D2E-47EE-A0E6-AAA4F6E6F295} = {8D832BEE-D7B6-4806-BEC3-AF629C8F0DBA}
		{1414BE70-DC91-4845-B2B7-0436ED27343D} = {A4B03BB7-9B0C-4ED2-816D-2BF9EA564F51}
		{77635B80-AD58-4ACC-8544-9AEF5B6B4FD7} = {1414BE70-DC91-4845-B2B7-0436ED27343D}
		{885B7D79-FFA7-4AD8-9030-1F475EA3168D} = {1414BE70-DC91-4845-B2B7-0436ED27343D}
		{9DE82B69-E940-4105-9B4C-742D3741CE53} = {1414BE70-DC91-4845-B2B7-0436ED27343D}
		{68F029AD-2304-4923-B2AA-49D78A722A24} = {1414BE70-DC91-4845-B2B7-0436ED27343D}
		{9AA1EC0D-109C-4CF2-ACFD-A87D4DB7E197} = {77635B80-AD58-4ACC-8544-9AEF5B6B4FD7}
		{C389EEEE-9907-48E2-BE69-5290B6F9F309} = {9DE82B69-E940-4105-9B4C-742D3741CE53}
		{C0017851-B862-4F53-8DA4-B5E085D775F2} = {68F029AD-2304-4923-B2AA-49D78A722A24}
		{3FA204A9-9BAB-43A6-9D91-4FBAD20B3F04} = {885B7D79-FFA7-4AD8-9030-1F475EA3168D}
		{1BD448D7-DD33-45A6-BD48-0A59F8BD40EB} = {17E61527-7E1F-428D-A6F7-F3F1FCEBD02D}
	EndGlobalSection
	GlobalSection(ExtensibilityGlobals) = postSolution
		SolutionGuid = {9D98CEAE-E7C8-4F22-9D60-FC7F1AE1C53E}
	EndGlobalSection
EndGlobal
